// !$*UTF8*$!
{
	archiveVersion = 1;
	classes = {
	};
	objectVersion = 46;
	objects = {

/* Begin PBXBuildFile section */
		AC0D3B381EBE72FD003508F5 /* main.swift in Sources */ = {isa = PBXBuildFile; fileRef = AC0D3B371EBE72FD003508F5 /* main.swift */; };
		AC0D3B3F1EBE7311003508F5 /* InputTools.swift in Sources */ = {isa = PBXBuildFile; fileRef = AC0D3B3E1EBE7311003508F5 /* InputTools.swift */; };
		AC0D3B411EBE7554003508F5 /* Player.swift in Sources */ = {isa = PBXBuildFile; fileRef = AC0D3B401EBE7554003508F5 /* Player.swift */; };
		AC0D3B431EBE75A4003508F5 /* Scenes.swift in Sources */ = {isa = PBXBuildFile; fileRef = AC0D3B421EBE75A4003508F5 /* Scenes.swift */; };
/* End PBXBuildFile section */

/* Begin PBXCopyFilesBuildPhase section */
		AC0D3B321EBE72FD003508F5 /* CopyFiles */ = {
			isa = PBXCopyFilesBuildPhase;
			buildActionMask = 2147483647;
			dstPath = /usr/share/man/man1/;
			dstSubfolderSpec = 0;
			files = (
			);
			runOnlyForDeploymentPostprocessing = 1;
		};
/* End PBXCopyFilesBuildPhase section */

/* Begin PBXFileReference section */
		AC0D3B341EBE72FD003508F5 /* ChoseYourOwnAdventure */ = {isa = PBXFileReference; explicitFileType = "compiled.mach-o.executable"; includeInIndex = 0; path = ChoseYourOwnAdventure; sourceTree = BUILT_PRODUCTS_DIR; };
		AC0D3B371EBE72FD003508F5 /* main.swift */ = {isa = PBXFileReference; lastKnownFileType = sourcecode.swift; path = main.swift; sourceTree = "<group>"; };
		AC0D3B3E1EBE7311003508F5 /* InputTools.swift */ = {isa = PBXFileReference; fileEncoding = 4; lastKnownFileType = sourcecode.swift; path = InputTools.swift; sourceTree = "<group>"; };
		AC0D3B401EBE7554003508F5 /* Player.swift */ = {isa = PBXFileReference; fileEncoding = 4; lastKnownFileType = sourcecode.swift; path = Player.swift; sourceTree = "<group>"; };
		AC0D3B421EBE75A4003508F5 /* Scenes.swift */ = {isa = PBXFileReference; fileEncoding = 4; lastKnownFileType = sourcecode.swift; path = Scenes.swift; sourceTree = "<group>"; };
/* End PBXFileReference section */

/* Begin PBXFrameworksBuildPhase section */
		AC0D3B311EBE72FD003508F5 /* Frameworks */ = {
			isa = PBXFrameworksBuildPhase;
			buildActionMask = 2147483647;
			files = (
			);
			runOnlyForDeploymentPostprocessing = 0;
		};
/* End PBXFrameworksBuildPhase section */

/* Begin PBXGroup section */
		AC0D3B2B1EBE72FD003508F5 = {
			isa = PBXGroup;
			children = (
				AC0D3B361EBE72FD003508F5 /* ChoseYourOwnAdventure */,
				AC0D3B351EBE72FD003508F5 /* Products */,
			);
			sourceTree = "<group>";
		};
		AC0D3B351EBE72FD003508F5 /* Products */ = {
			isa = PBXGroup;
			children = (
				AC0D3B341EBE72FD003508F5 /* ChoseYourOwnAdventure */,
			);
			name = Products;
			sourceTree = "<group>";
		};
		AC0D3B361EBE72FD003508F5 /* ChoseYourOwnAdventure */ = {
			isa = PBXGroup;
			children = (
				AC0D3B371EBE72FD003508F5 /* main.swift */,
				AC0D3B421EBE75A4003508F5 /* Scenes.swift */,
				AC0D3B401EBE7554003508F5 /* Player.swift */,
				AC0D3B3E1EBE7311003508F5 /* InputTools.swift */,
			);
			path = ChoseYourOwnAdventure;
			sourceTree = "<group>";
		};
/* End PBXGroup section */

/* Begin PBXNativeTarget section */
		AC0D3B331EBE72FD003508F5 /* ChoseYourOwnAdventure */ = {
			isa = PBXNativeTarget;
			buildConfigurationList = AC0D3B3B1EBE72FD003508F5 /* Build configuration list for PBXNativeTarget "ChoseYourOwnAdventure" */;
			buildPhases = (
				AC0D3B301EBE72FD003508F5 /* Sources */,
				AC0D3B311EBE72FD003508F5 /* Frameworks */,
				AC0D3B321EBE72FD003508F5 /* CopyFiles */,
			);
			buildRules = (
			);
			dependencies = (
			);
			name = ChoseYourOwnAdventure;
			productName = ChoseYourOwnAdventure;
			productReference = AC0D3B341EBE72FD003508F5 /* ChoseYourOwnAdventure */;
			productType = "com.apple.product-type.tool";
		};
/* End PBXNativeTarget section */

/* Begin PBXProject section */
		AC0D3B2C1EBE72FD003508F5 /* Project object */ = {
			isa = PBXProject;
			attributes = {
				LastSwiftUpdateCheck = 0830;
				LastUpgradeCheck = 0830;
				ORGANIZATIONNAME = MrAliGorithm;
				TargetAttributes = {
					AC0D3B331EBE72FD003508F5 = {
						CreatedOnToolsVersion = 8.3.2;
						DevelopmentTeam = U3FSDK5XFF;
						ProvisioningStyle = Automatic;
					};
				};
			};
			buildConfigurationList = AC0D3B2F1EBE72FD003508F5 /* Build configuration list for PBXProject "ChoseYourOwnAdventure" */;
			compatibilityVersion = "Xcode 3.2";
			developmentRegion = English;
			hasScannedForEncodings = 0;
			knownRegions = (
				en,
			);
			mainGroup = AC0D3B2B1EBE72FD003508F5;
			productRefGroup = AC0D3B351EBE72FD003508F5 /* Products */;
			projectDirPath = "";
			projectRoot = "";
			targets = (
				AC0D3B331EBE72FD003508F5 /* ChoseYourOwnAdventure */,
			);
		};
/* End PBXProject section */

/* Begin PBXSourcesBuildPhase section */
		AC0D3B301EBE72FD003508F5 /* Sources */ = {
			isa = PBXSourcesBuildPhase;
			buildActionMask = 2147483647;
			files = (
				AC0D3B431EBE75A4003508F5 /* Scenes.swift in Sources */,
				AC0D3B3F1EBE7311003508F5 /* InputTools.swift in Sources */,
				AC0D3B411EBE7554003508F5 /* Player.swift in Sources */,
				AC0D3B381EBE72FD003508F5 /* main.swift in Sources */,
			);
			runOnlyForDeploymentPostprocessing = 0;
		};
/* End PBXSourcesBuildPhase section */

/* Begin XCBuildConfiguration section */
		AC0D3B391EBE72FD003508F5 /* Debug */ = {
			isa = XCBuildConfiguration;
			buildSettings = {
				ALWAYS_SEARCH_USER_PATHS = NO;
				CLANG_ANALYZER_NONNULL = YES;
				CLANG_ANALYZER_NUMBER_OBJECT_CONVERSION = YES_AGGRESSIVE;
				CLANG_CXX_LANGUAGE_STANDARD = "gnu++0x";
				CLANG_CXX_LIBRARY = "libc++";
				CLANG_ENABLE_MODULES = YES;
				CLANG_ENABLE_OBJC_ARC = YES;
				CLANG_WARN_BOOL_CONVERSION = YES;
				CLANG_WARN_CONSTANT_CONVERSION = YES;
				CLANG_WARN_DIRECT_OBJC_ISA_USAGE = YES_ERROR;
				CLANG_WARN_DOCUMENTATION_COMMENTS = YES;
				CLANG_WARN_EMPTY_BODY = YES;
				CLANG_WARN_ENUM_CONVERSION = YES;
				CLANG_WARN_INFINITE_RECURSION = YES;
				CLANG_WARN_INT_CONVERSION = YES;
				CLANG_WARN_OBJC_ROOT_CLASS = YES_ERROR;
				CLANG_WARN_SUSPICIOUS_MOVE = YES;
				CLANG_WARN_UNREACHABLE_CODE = YES;
				CLANG_WARN__DUPLICATE_METHOD_MATCH = YES;
				CODE_SIGN_IDENTITY = "-";
				COPY_PHASE_STRIP = NO;
				DEBUG_INFORMATION_FORMAT = dwarf;
				ENABLE_STRICT_OBJC_MSGSEND = YES;
				ENABLE_TESTABILITY = YES;
				GCC_C_LANGUAGE_STANDARD = gnu99;
				GCC_DYNAMIC_NO_PIC = NO;
				GCC_NO_COMMON_BLOCKS = YES;
				GCC_OPTIMIZATION_LEVEL = 0;
				GCC_PREPROCESSOR_DEFINITIONS = (
					"DEBUG=1",
					"$(inherited)",
				);
				GCC_WARN_64_TO_32_BIT_CONVERSION = YES;
				GCC_WARN_ABOUT_RETURN_TYPE = YES_ERROR;
				GCC_WARN_UNDECLARED_SELECTOR = YES;
				GCC_WARN_UNINITIALIZED_AUTOS = YES_AGGRESSIVE;
				GCC_WARN_UNUSED_FUNCTION = YES;
				GCC_WARN_UNUSED_VARIABLE = YES;
				MACOSX_DEPLOYMENT_TARGET = 10.12;
				MTL_ENABLE_DEBUG_INFO = YES;
				ONLY_ACTIVE_ARCH = YES;
				SDKROOT = macosx;
				SWIFT_OPTIMIZATION_LEVEL = "-Onone";
			};
			name = Debug;
		};
		AC0D3B3A1EBE72FD003508F5 /* Release */ = {
			isa = XCBuildConfiguration;
			buildSettings = {
				ALWAYS_SEARCH_USER_PATHS = NO;
				CLANG_ANALYZER_NONNULL = YES;
				CLANG_ANALYZER_NUMBER_OBJECT_CONVERSION = YES_AGGRESSIVE;
				CLANG_CXX_LANGUAGE_STANDARD = "gnu++0x";
				CLANG_CXX_LIBRARY = "libc++";
				CLANG_ENABLE_MODULES = YES;
				CLANG_ENABLE_OBJC_ARC = YES;
				CLANG_WARN_BOOL_CONVERSION = YES;
				CLANG_WARN_CONSTANT_CONVERSION = YES;
				CLANG_WARN_DIRECT_OBJC_ISA_USAGE = YES_ERROR;
				CLANG_WARN_DOCUMENTATION_COMMENTS = YES;
				CLANG_WARN_EMPTY_BODY = YES;
				CLANG_WARN_ENUM_CONVERSION = YES;
				CLANG_WARN_INFINITE_RECURSION = YES;
				CLANG_WARN_INT_CONVERSION = YES;
				CLANG_WARN_OBJC_ROOT_CLASS = YES_ERROR;
				CLANG_WARN_SUSPICIOUS_MOVE = YES;
				CLANG_WARN_UNREACHABLE_CODE = YES;
				CLANG_WARN__DUPLICATE_METHOD_MATCH = YES;
				CODE_SIGN_IDENTITY = "-";
				COPY_PHASE_STRIP = NO;
				DEBUG_INFORMATION_FORMAT = "dwarf-with-dsym";
				ENABLE_NS_ASSERTIONS = NO;
				ENABLE_STRICT_OBJC_MSGSEND = YES;
				GCC_C_LANGUAGE_STANDARD = gnu99;
				GCC_NO_COMMON_BLOCKS = YES;
				GCC_WARN_64_TO_32_BIT_CONVERSION = YES;
				GCC_WARN_ABOUT_RETURN_TYPE = YES_ERROR;
				GCC_WARN_UNDECLARED_SELECTOR = YES;
				GCC_WARN_UNINITIALIZED_AUTOS = YES_AGGRESSIVE;
				GCC_WARN_UNUSED_FUNCTION = YES;
				GCC_WARN_UNUSED_VARIABLE = YES;
				MACOSX_DEPLOYMENT_TARGET = 10.12;
				MTL_ENABLE_DEBUG_INFO = NO;
				SDKROOT = macosx;
			};
			name = Release;
		};
		AC0D3B3C1EBE72FD003508F5 /* Debug */ = {
			isa = XCBuildConfiguration;
			buildSettings = {
				DEVELOPMENT_TEAM = U3FSDK5XFF;
				PRODUCT_NAME = "$(TARGET_NAME)";
				SWIFT_VERSION = 3.0;
			};
			name = Debug;
		};
		AC0D3B3D1EBE72FD003508F5 /* Release */ = {
			isa = XCBuildConfiguration;
			buildSettings = {
				DEVELOPMENT_TEAM = U3FSDK5XFF;
				PRODUCT_NAME = "$(TARGET_NAME)";
				SWIFT_VERSION = 3.0;
			};
			name = Release;
		};
/* End XCBuildConfiguration section */

/* Begin XCConfigurationList section */
		AC0D3B2F1EBE72FD003508F5 /* Build configuration list for PBXProject "ChoseYourOwnAdventure" */ = {
			isa = XCConfigurationList;
			buildConfigurations = (
				AC0D3B391EBE72FD003508F5 /* Debug */,
				AC0D3B3A1EBE72FD003508F5 /* Release */,
			);
			defaultConfigurationIsVisible = 0;
			defaultConfigurationName = Release;
		};
		AC0D3B3B1EBE72FD003508F5 /* Build configuration list for PBXNativeTarget "ChoseYourOwnAdventure" */ = {
			isa = XCConfigurationList;
			buildConfigurations = (
				AC0D3B3C1EBE72FD003508F5 /* Debug */,
				AC0D3B3D1EBE72FD003508F5 /* Release */,
			);
			defaultConfigurationIsVisible = 0;
		};
/* End XCConfigurationList section */
	};
	rootObject = AC0D3B2C1EBE72FD003508F5 /* Project object */;
}
